
Microsoft Visual Studio Solution File, Format Version 12.00
# Visual Studio 2012
Project("{FAE04EC0-301F-11D3-BF4B-00C04F79EFBC}") = "ExtPlaneNet", "ExtPlaneNet.csproj", "{EC4BC3AA-F8BE-44D1-BFA8-BE4A9DAAC37F}"
EndProject
Global
	GlobalSection(SolutionConfigurationPlatforms) = preSolution
		Debug|Any CPU = Debug|Any CPU
		Release|Any CPU = Release|Any CPU
	EndGlobalSection
	GlobalSection(ProjectConfigurationPlatforms) = postSolution
		{EC4BC3AA-F8BE-44D1-BFA8-BE4A9DAAC37F}.Debug|Any CPU.ActiveCfg = Debug|Any CPU
		{EC4BC3AA-F8BE-44D1-BFA8-BE4A9DAAC37F}.Debug|Any CPU.Build.0 = Debug|Any CPU
		{EC4BC3AA-F8BE-44D1-BFA8-BE4A9DAAC37F}.Release|Any CPU.ActiveCfg = Release|Any CPU
		{EC4BC3AA-F8BE-44D1-BFA8-BE4A9DAAC37F}.Release|Any CPU.Build.0 = Release|Any CPU
	EndGlobalSection
EndGlobal
